
Microsoft Visual Studio Solution File, Format Version 12.00
# Visual Studio Version 17
VisualStudioVersion = 17.5.33424.131
MinimumVisualStudioVersion = 10.0.40219.1
Project("{FAE04EC0-301F-11D3-BF4B-00C04F79EFBC}") = "WeatherForecast.Core", "WeatherForecast.Core.csproj", "{BBF535D6-EEB3-4A97-816C-7892130FB004}"
EndProject
Project("{FAE04EC0-301F-11D3-BF4B-00C04F79EFBC}") = "WeatherForecast.Console", "..\WeatherForecast.Console\WeatherForecast.Console.csproj", "{2E1BE2F5-F417-4123-8F53-984BF9CE72A9}"
EndProject
Project("{FAE04EC0-301F-11D3-BF4B-00C04F79EFBC}") = "WeatherForecast.BL", "..\WeatherForecast.BL\WeatherForecast.BL.csproj", "{56183E82-A122-49C0-82A0-76227C8335D3}"
EndProject
Global
	GlobalSection(SolutionConfigurationPlatforms) = preSolution
		Debug|Any CPU = Debug|Any CPU
		Release|Any CPU = Release|Any CPU
	EndGlobalSection
	GlobalSection(ProjectConfigurationPlatforms) = postSolution
		{BBF535D6-EEB3-4A97-816C-7892130FB004}.Debug|Any CPU.ActiveCfg = Debug|Any CPU
		{BBF535D6-EEB3-4A97-816C-7892130FB004}.Debug|Any CPU.Build.0 = Debug|Any CPU
		{BBF535D6-EEB3-4A97-816C-7892130FB004}.Release|Any CPU.ActiveCfg = Release|Any CPU
		{BBF535D6-EEB3-4A97-816C-7892130FB004}.Release|Any CPU.Build.0 = Release|Any CPU
		{2E1BE2F5-F417-4123-8F53-984BF9CE72A9}.Debug|Any CPU.ActiveCfg = Debug|Any CPU
		{2E1BE2F5-F417-4123-8F53-984BF9CE72A9}.Debug|Any CPU.Build.0 = Debug|Any CPU
		{2E1BE2F5-F417-4123-8F53-984BF9CE72A9}.Release|Any CPU.ActiveCfg = Release|Any CPU
		{2E1BE2F5-F417-4123-8F53-984BF9CE72A9}.Release|Any CPU.Build.0 = Release|Any CPU
		{56183E82-A122-49C0-82A0-76227C8335D3}.Debug|Any CPU.ActiveCfg = Debug|Any CPU
		{56183E82-A122-49C0-82A0-76227C8335D3}.Debug|Any CPU.Build.0 = Debug|Any CPU
		{56183E82-A122-49C0-82A0-76227C8335D3}.Release|Any CPU.ActiveCfg = Release|Any CPU
		{56183E82-A122-49C0-82A0-76227C8335D3}.Release|Any CPU.Build.0 = Release|Any CPU
	EndGlobalSection
	GlobalSection(SolutionProperties) = preSolution
		HideSolutionNode = FALSE
	EndGlobalSection
	GlobalSection(ExtensibilityGlobals) = postSolution
		SolutionGuid = {26B8D3DB-1D43-4B6D-A758-8D32C3AE4393}
	EndGlobalSection
EndGlobal
